
Microsoft Visual Studio Solution File, Format Version 12.00
# Visual Studio 14
VisualStudioVersion = 14.0.25420.1
MinimumVisualStudioVersion = 10.0.40219.1
Project("{FAE04EC0-301F-11D3-BF4B-00C04F79EFBC}") = "MathLib", "MathLib\MathLib.csproj", "{DD9F26AB-00BB-405E-AFF2-16671FEEAB63}"
EndProject
Project("{FAE04EC0-301F-11D3-BF4B-00C04F79EFBC}") = "PluginContract", "PluginContract\PluginContract.csproj", "{ACBD767C-DDE2-4691-952B-DE0793B9B064}"
EndProject
Global
	GlobalSection(SolutionConfigurationPlatforms) = preSolution
		Debug|Any CPU = Debug|Any CPU
		Release|Any CPU = Release|Any CPU
	EndGlobalSection
	GlobalSection(ProjectConfigurationPlatforms) = postSolution
		{DD9F26AB-00BB-405E-AFF2-16671FEEAB63}.Debug|Any CPU.ActiveCfg = Debug|Any CPU
		{DD9F26AB-00BB-405E-AFF2-16671FEEAB63}.Debug|Any CPU.Build.0 = Debug|Any CPU
		{DD9F26AB-00BB-405E-AFF2-16671FEEAB63}.Release|Any CPU.ActiveCfg = Release|Any CPU
		{DD9F26AB-00BB-405E-AFF2-16671FEEAB63}.Release|Any CPU.Build.0 = Release|Any CPU
		{ACBD767C-DDE2-4691-952B-DE0793B9B064}.Debug|Any CPU.ActiveCfg = Debug|Any CPU
		{ACBD767C-DDE2-4691-952B-DE0793B9B064}.Debug|Any CPU.Build.0 = Debug|Any CPU
		{ACBD767C-DDE2-4691-952B-DE0793B9B064}.Release|Any CPU.ActiveCfg = Release|Any CPU
		{ACBD767C-DDE2-4691-952B-DE0793B9B064}.Release|Any CPU.Build.0 = Release|Any CPU
	EndGlobalSection
	GlobalSection(SolutionProperties) = preSolution
		HideSolutionNode = FALSE
	EndGlobalSection
EndGlobal
